
Microsoft Visual Studio Solution File, Format Version 12.00
# Visual Studio Version 17
VisualStudioVersion = 17.6.33815.320
MinimumVisualStudioVersion = 10.0.40219.1
Project("{9A19103F-16F7-4668-BE54-9A1E7A4F7556}") = "tourismBigBang", "tourismBigBang.csproj", "{3429141C-9BAF-41A0-AEDE-D3FEC1C0A203}"
EndProject
Project("{FAE04EC0-301F-11D3-BF4B-00C04F79EFBC}") = "UnitTesting", "..\UnitTesting\UnitTesting.csproj", "{E884CCAB-C676-4B4B-8B89-173F4D36998F}"
EndProject
Global
	GlobalSection(SolutionConfigurationPlatforms) = preSolution
		Debug|Any CPU = Debug|Any CPU
		Release|Any CPU = Release|Any CPU
	EndGlobalSection
	GlobalSection(ProjectConfigurationPlatforms) = postSolution
		{3429141C-9BAF-41A0-AEDE-D3FEC1C0A203}.Debug|Any CPU.ActiveCfg = Debug|Any CPU
		{3429141C-9BAF-41A0-AEDE-D3FEC1C0A203}.Debug|Any CPU.Build.0 = Debug|Any CPU
		{3429141C-9BAF-41A0-AEDE-D3FEC1C0A203}.Release|Any CPU.ActiveCfg = Release|Any CPU
		{3429141C-9BAF-41A0-AEDE-D3FEC1C0A203}.Release|Any CPU.Build.0 = Release|Any CPU
		{E884CCAB-C676-4B4B-8B89-173F4D36998F}.Debug|Any CPU.ActiveCfg = Debug|Any CPU
		{E884CCAB-C676-4B4B-8B89-173F4D36998F}.Debug|Any CPU.Build.0 = Debug|Any CPU
		{E884CCAB-C676-4B4B-8B89-173F4D36998F}.Release|Any CPU.ActiveCfg = Release|Any CPU
		{E884CCAB-C676-4B4B-8B89-173F4D36998F}.Release|Any CPU.Build.0 = Release|Any CPU
	EndGlobalSection
	GlobalSection(SolutionProperties) = preSolution
		HideSolutionNode = FALSE
	EndGlobalSection
	GlobalSection(ExtensibilityGlobals) = postSolution
		SolutionGuid = {29C69FB9-743C-4BA7-A1F9-9D6D42122B58}
	EndGlobalSection
EndGlobal
